
Microsoft Visual Studio Solution File, Format Version 12.00
# Visual Studio Version 17
VisualStudioVersion = 17.13.35825.156 d17.13
MinimumVisualStudioVersion = 10.0.40219.1
Project("{FAE04EC0-301F-11D3-BF4B-00C04F79EFBC}") = "TP-M2I-DOTNET", "TP-M2I-DOTNET\TP-M2I-DOTNET.csproj", "{F205F0EA-69F0-4662-8261-C508DD47EB49}"
EndProject
Global
	GlobalSection(SolutionConfigurationPlatforms) = preSolution
		Debug|Any CPU = Debug|Any CPU
		Release|Any CPU = Release|Any CPU
	EndGlobalSection
	GlobalSection(ProjectConfigurationPlatforms) = postSolution
		{F205F0EA-69F0-4662-8261-C508DD47EB49}.Debug|Any CPU.ActiveCfg = Debug|Any CPU
		{F205F0EA-69F0-4662-8261-C508DD47EB49}.Debug|Any CPU.Build.0 = Debug|Any CPU
		{F205F0EA-69F0-4662-8261-C508DD47EB49}.Release|Any CPU.ActiveCfg = Release|Any CPU
		{F205F0EA-69F0-4662-8261-C508DD47EB49}.Release|Any CPU.Build.0 = Release|Any CPU
	EndGlobalSection
	GlobalSection(SolutionProperties) = preSolution
		HideSolutionNode = FALSE
	EndGlobalSection
	GlobalSection(ExtensibilityGlobals) = postSolution
		SolutionGuid = {8AFDD003-22F7-4CA5-931A-C775AE119DB6}
	EndGlobalSection
EndGlobal
